https://github.com/derailed/k9s/releases/download/v0.51.0/k9s_linux_amd64.deb
https://github.com/getsops/sops/releases/download/v3.13.2/sops_3.13.2_amd64.deb
https://github.com/getsops/sops/releases/download/v3.13.3/sops_3.13.3_amd64.deb
https://github.com/obsidianmd/obsidian-releases/releases/download/v1.12.7/obsidian_1.12.7_amd64.deb
https://github.com/obsidianmd/obsidian-releases/releases/download/v1.13.4/obsidian_1.13.4_amd64.deb
https://github.com/obsidianmd/obsidian-releases/releases/download/v1.13.7/obsidian_1.13.7_amd64.deb
https://github.com/wagoodman/dive/releases/download/v0.13.1/dive_0.13.1_linux_amd64.deb
